
Microsoft Visual Studio Solution File, Format Version 12.00
# Visual Studio Version 17
VisualStudioVersion = 17.0.31903.59
MinimumVisualStudioVersion = 10.0.40219.1
Project("{9A19103F-16F7-4668-BE54-9A1E7A4F7556}") = "MicroStack.Products", "MicroStack.Products\MicroStack.Products.csproj", "{62D0FF66-5D06-462D-940F-529B1131C361}"
EndProject
Project("{2150E333-8FDC-42A3-9474-1A3956D46DE8}") = "Products", "Products", "{D6D138F6-CB61-43AE-8C3B-7D6937B66B88}"
EndProject
Project("{2150E333-8FDC-42A3-9474-1A3956D46DE8}") = "src", "src", "{58F8FE23-CCD8-41F5-8F04-9F3E2AC5A5EE}"
EndProject
Project("{2150E333-8FDC-42A3-9474-1A3956D46DE8}") = "ApiGateway", "ApiGateway", "{CE8515A2-1A5E-4FD9-AC31-F18EDA7633E8}"
EndProject
Project("{2150E333-8FDC-42A3-9474-1A3956D46DE8}") = "WebApp", "WebApp", "{B7C04944-D647-4AA4-BF8E-0DA3BB803793}"
EndProject
Project("{2150E333-8FDC-42A3-9474-1A3956D46DE8}") = "Services", "Services", "{C4CBA1BA-791C-46C8-9DFD-D63E6276DB0B}"
EndProject
Project("{2150E333-8FDC-42A3-9474-1A3956D46DE8}") = "Common", "Common", "{0B19BF76-1D20-481C-835E-12151B6F1DD1}"
EndProject
Project("{2150E333-8FDC-42A3-9474-1A3956D46DE8}") = "Order", "Order", "{36E7AEF5-2960-49B9-B356-67D8798CB954}"
EndProject
Project("{E53339B2-1760-4266-BCC7-CA923CBCF16C}") = "docker-compose", "docker-compose.dcproj", "{D6AE5BC8-CB8E-4343-90A5-48EDA7EF13CA}"
EndProject
Project("{2150E333-8FDC-42A3-9474-1A3956D46DE8}") = "Sourcing", "Sourcing", "{BA97275C-C461-4EA2-8A73-42AFDC95FF3A}"
EndProject
Project("{9A19103F-16F7-4668-BE54-9A1E7A4F7556}") = "MicroStack.Sourcing", "MicroStack.Sourcing\MicroStack.Sourcing.csproj", "{634E4B59-491F-48B7-AA4A-0172A4A657FF}"
EndProject
Project("{9A19103F-16F7-4668-BE54-9A1E7A4F7556}") = "EventBusRabbitMQ", "EventBusRabbitMQ\EventBusRabbitMQ.csproj", "{19565F42-95B7-4530-AD3C-BFD66F1C15C5}"
EndProject
Global
	GlobalSection(SolutionConfigurationPlatforms) = preSolution
		Debug|Any CPU = Debug|Any CPU
		Release|Any CPU = Release|Any CPU
	EndGlobalSection
	GlobalSection(ProjectConfigurationPlatforms) = postSolution
		{62D0FF66-5D06-462D-940F-529B1131C361}.Debug|Any CPU.ActiveCfg = Debug|Any CPU
		{62D0FF66-5D06-462D-940F-529B1131C361}.Debug|Any CPU.Build.0 = Debug|Any CPU
		{62D0FF66-5D06-462D-940F-529B1131C361}.Release|Any CPU.ActiveCfg = Release|Any CPU
		{62D0FF66-5D06-462D-940F-529B1131C361}.Release|Any CPU.Build.0 = Release|Any CPU
		{D6AE5BC8-CB8E-4343-90A5-48EDA7EF13CA}.Debug|Any CPU.ActiveCfg = Debug|Any CPU
		{D6AE5BC8-CB8E-4343-90A5-48EDA7EF13CA}.Debug|Any CPU.Build.0 = Debug|Any CPU
		{D6AE5BC8-CB8E-4343-90A5-48EDA7EF13CA}.Release|Any CPU.ActiveCfg = Release|Any CPU
		{D6AE5BC8-CB8E-4343-90A5-48EDA7EF13CA}.Release|Any CPU.Build.0 = Release|Any CPU
		{634E4B59-491F-48B7-AA4A-0172A4A657FF}.Debug|Any CPU.ActiveCfg = Debug|Any CPU
		{634E4B59-491F-48B7-AA4A-0172A4A657FF}.Debug|Any CPU.Build.0 = Debug|Any CPU
		{634E4B59-491F-48B7-AA4A-0172A4A657FF}.Release|Any CPU.ActiveCfg = Release|Any CPU
		{634E4B59-491F-48B7-AA4A-0172A4A657FF}.Release|Any CPU.Build.0 = Release|Any CPU
		{19565F42-95B7-4530-AD3C-BFD66F1C15C5}.Debug|Any CPU.ActiveCfg = Debug|Any CPU
		{19565F42-95B7-4530-AD3C-BFD66F1C15C5}.Debug|Any CPU.Build.0 = Debug|Any CPU
		{19565F42-95B7-4530-AD3C-BFD66F1C15C5}.Release|Any CPU.ActiveCfg = Release|Any CPU
		{19565F42-95B7-4530-AD3C-BFD66F1C15C5}.Release|Any CPU.Build.0 = Release|Any CPU
	EndGlobalSection
	GlobalSection(SolutionProperties) = preSolution
		HideSolutionNode = FALSE
	EndGlobalSection
	GlobalSection(NestedProjects) = preSolution
		{62D0FF66-5D06-462D-940F-529B1131C361} = {D6D138F6-CB61-43AE-8C3B-7D6937B66B88}
		{D6D138F6-CB61-43AE-8C3B-7D6937B66B88} = {C4CBA1BA-791C-46C8-9DFD-D63E6276DB0B}
		{CE8515A2-1A5E-4FD9-AC31-F18EDA7633E8} = {58F8FE23-CCD8-41F5-8F04-9F3E2AC5A5EE}
		{B7C04944-D647-4AA4-BF8E-0DA3BB803793} = {58F8FE23-CCD8-41F5-8F04-9F3E2AC5A5EE}
		{C4CBA1BA-791C-46C8-9DFD-D63E6276DB0B} = {58F8FE23-CCD8-41F5-8F04-9F3E2AC5A5EE}
		{0B19BF76-1D20-481C-835E-12151B6F1DD1} = {C4CBA1BA-791C-46C8-9DFD-D63E6276DB0B}
		{36E7AEF5-2960-49B9-B356-67D8798CB954} = {C4CBA1BA-791C-46C8-9DFD-D63E6276DB0B}
		{BA97275C-C461-4EA2-8A73-42AFDC95FF3A} = {C4CBA1BA-791C-46C8-9DFD-D63E6276DB0B}
		{634E4B59-491F-48B7-AA4A-0172A4A657FF} = {BA97275C-C461-4EA2-8A73-42AFDC95FF3A}
		{19565F42-95B7-4530-AD3C-BFD66F1C15C5} = {0B19BF76-1D20-481C-835E-12151B6F1DD1}
	EndGlobalSection
	GlobalSection(ExtensibilityGlobals) = postSolution
		SolutionGuid = {E066F02E-B8E1-4EBD-A391-D099E68E82E3}
	EndGlobalSection
EndGlobal
